
Microsoft Visual Studio Solution File, Format Version 12.00
# Visual Studio Version 17
VisualStudioVersion = 17.6.33723.286
MinimumVisualStudioVersion = 10.0.40219.1
Project("{FAE04EC0-301F-11D3-BF4B-00C04F79EFBC}") = "Labb4 - Library", "Labb4 - Library\Labb4 - Library.csproj", "{597A085E-5D18-4C55-860F-E6DEC461BBE2}"
EndProject
Global
	GlobalSection(SolutionConfigurationPlatforms) = preSolution
		Debug|Any CPU = Debug|Any CPU
		Release|Any CPU = Release|Any CPU
	EndGlobalSection
	GlobalSection(ProjectConfigurationPlatforms) = postSolution
		{597A085E-5D18-4C55-860F-E6DEC461BBE2}.Debug|Any CPU.ActiveCfg = Debug|Any CPU
		{597A085E-5D18-4C55-860F-E6DEC461BBE2}.Debug|Any CPU.Build.0 = Debug|Any CPU
		{597A085E-5D18-4C55-860F-E6DEC461BBE2}.Release|Any CPU.ActiveCfg = Release|Any CPU
		{597A085E-5D18-4C55-860F-E6DEC461BBE2}.Release|Any CPU.Build.0 = Release|Any CPU
	EndGlobalSection
	GlobalSection(SolutionProperties) = preSolution
		HideSolutionNode = FALSE
	EndGlobalSection
	GlobalSection(ExtensibilityGlobals) = postSolution
		SolutionGuid = {0309638A-F649-4B02-9090-3BBDDD097500}
	EndGlobalSection
EndGlobal
